
Microsoft Visual Studio Solution File, Format Version 12.00
# Visual Studio 15
VisualStudioVersion = 15.0.28307.852
MinimumVisualStudioVersion = 10.0.40219.1
Project("{FAE04EC0-301F-11D3-BF4B-00C04F79EFBC}") = "Multilayered", "Multilayered\Multilayered.csproj", "{ADC31BDE-9DA4-476A-A8FF-9DC77ACD2E1D}"
EndProject
Project("{FAE04EC0-301F-11D3-BF4B-00C04F79EFBC}") = "BusinessLogicLayer", "BusinessLogicLayer\BusinessLogicLayer.csproj", "{B90CDBE6-54F6-4736-9340-569D5A3A97FA}"
EndProject
Project("{FAE04EC0-301F-11D3-BF4B-00C04F79EFBC}") = "DataAccessLayer", "DataAccessLayer\DataAccessLayer.csproj", "{D9911467-5EB0-4AAE-826F-6EB481A62F60}"
EndProject
Project("{FAE04EC0-301F-11D3-BF4B-00C04F79EFBC}") = "Models", "Models\Models.csproj", "{5EED71F1-5CF3-4C58-BE08-B981EB6B25B4}"
EndProject
Global
	GlobalSection(SolutionConfigurationPlatforms) = preSolution
		Debug|Any CPU = Debug|Any CPU
		Release|Any CPU = Release|Any CPU
	EndGlobalSection
	GlobalSection(ProjectConfigurationPlatforms) = postSolution
		{ADC31BDE-9DA4-476A-A8FF-9DC77ACD2E1D}.Debug|Any CPU.ActiveCfg = Debug|Any CPU
		{ADC31BDE-9DA4-476A-A8FF-9DC77ACD2E1D}.Debug|Any CPU.Build.0 = Debug|Any CPU
		{ADC31BDE-9DA4-476A-A8FF-9DC77ACD2E1D}.Release|Any CPU.ActiveCfg = Release|Any CPU
		{ADC31BDE-9DA4-476A-A8FF-9DC77ACD2E1D}.Release|Any CPU.Build.0 = Release|Any CPU
		{B90CDBE6-54F6-4736-9340-569D5A3A97FA}.Debug|Any CPU.ActiveCfg = Debug|Any CPU
		{B90CDBE6-54F6-4736-9340-569D5A3A97FA}.Debug|Any CPU.Build.0 = Debug|Any CPU
		{B90CDBE6-54F6-4736-9340-569D5A3A97FA}.Release|Any CPU.ActiveCfg = Release|Any CPU
		{B90CDBE6-54F6-4736-9340-569D5A3A97FA}.Release|Any CPU.Build.0 = Release|Any CPU
		{D9911467-5EB0-4AAE-826F-6EB481A62F60}.Debug|Any CPU.ActiveCfg = Debug|Any CPU
		{D9911467-5EB0-4AAE-826F-6EB481A62F60}.Debug|Any CPU.Build.0 = Debug|Any CPU
		{D9911467-5EB0-4AAE-826F-6EB481A62F60}.Release|Any CPU.ActiveCfg = Release|Any CPU
		{D9911467-5EB0-4AAE-826F-6EB481A62F60}.Release|Any CPU.Build.0 = Release|Any CPU
		{5EED71F1-5CF3-4C58-BE08-B981EB6B25B4}.Debug|Any CPU.ActiveCfg = Debug|Any CPU
		{5EED71F1-5CF3-4C58-BE08-B981EB6B25B4}.Debug|Any CPU.Build.0 = Debug|Any CPU
		{5EED71F1-5CF3-4C58-BE08-B981EB6B25B4}.Release|Any CPU.ActiveCfg = Release|Any CPU
		{5EED71F1-5CF3-4C58-BE08-B981EB6B25B4}.Release|Any CPU.Build.0 = Release|Any CPU
	EndGlobalSection
	GlobalSection(SolutionProperties) = preSolution
		HideSolutionNode = FALSE
	EndGlobalSection
	GlobalSection(ExtensibilityGlobals) = postSolution
		SolutionGuid = {126BEDDC-DB63-4D5D-B746-181E6CA1739D}
	EndGlobalSection
EndGlobal
